
Microsoft Visual Studio Solution File, Format Version 12.00
# Visual Studio Version 17
VisualStudioVersion = 17.5.33627.172
MinimumVisualStudioVersion = 10.0.40219.1
Project("{9A19103F-16F7-4668-BE54-9A1E7A4F7556}") = "StudentManagement", "StudentManagement.csproj", "{61B7DE41-CB15-4FBE-A34C-94BA8F88857A}"
EndProject
Project("{FAE04EC0-301F-11D3-BF4B-00C04F79EFBC}") = "StudentManagementTests", "..\TestProject2\StudentManagementTests.csproj", "{BB41485C-4039-496E-A33B-A8503B5496FC}"
EndProject
Global
	GlobalSection(SolutionConfigurationPlatforms) = preSolution
		Debug|Any CPU = Debug|Any CPU
		Release|Any CPU = Release|Any CPU
	EndGlobalSection
	GlobalSection(ProjectConfigurationPlatforms) = postSolution
		{61B7DE41-CB15-4FBE-A34C-94BA8F88857A}.Debug|Any CPU.ActiveCfg = Debug|Any CPU
		{61B7DE41-CB15-4FBE-A34C-94BA8F88857A}.Debug|Any CPU.Build.0 = Debug|Any CPU
		{61B7DE41-CB15-4FBE-A34C-94BA8F88857A}.Release|Any CPU.ActiveCfg = Release|Any CPU
		{61B7DE41-CB15-4FBE-A34C-94BA8F88857A}.Release|Any CPU.Build.0 = Release|Any CPU
		{BB41485C-4039-496E-A33B-A8503B5496FC}.Debug|Any CPU.ActiveCfg = Debug|Any CPU
		{BB41485C-4039-496E-A33B-A8503B5496FC}.Debug|Any CPU.Build.0 = Debug|Any CPU
		{BB41485C-4039-496E-A33B-A8503B5496FC}.Release|Any CPU.ActiveCfg = Release|Any CPU
		{BB41485C-4039-496E-A33B-A8503B5496FC}.Release|Any CPU.Build.0 = Release|Any CPU
	EndGlobalSection
	GlobalSection(SolutionProperties) = preSolution
		HideSolutionNode = FALSE
	EndGlobalSection
	GlobalSection(ExtensibilityGlobals) = postSolution
		SolutionGuid = {55F960BE-5139-4E57-BBE6-7B2E271EFB88}
	EndGlobalSection
EndGlobal
